Microsoft Visual Studio Solution File, Format Version 12.00
# Visual Studio Version 18
VisualStudioVersion = 18.8.12021.73
MinimumVisualStudioVersion = 10.0.40219.1
Project("{2150E333-8FDC-42A3-9474-1A3956D46DE8}") = "src", "src", "{827E0CD3-B72D-47B6-A68D-7590B98EB39B}"
EndProject
Project("{FAE04EC0-301F-11D3-BF4B-00C04F79EFBC}") = "Smile.Language", "src\Smile.Language\Smile.Language.csproj", "{10F1989C-0219-4C29-B79C-7B8BD0E20749}"
EndProject
Project("{FAE04EC0-301F-11D3-BF4B-00C04F79EFBC}") = "Smile.Compiler", "src\Smile.Compiler\Smile.Compiler.csproj", "{1EB046D2-A02C-4D0B-A7A1-15359C4DC625}"
EndProject
Project("{8BC9CEB8-8B4A-11D0-8D11-00A0C91BC942}") = "Smile.NativeRuntime", "src\Smile.NativeRuntime\Smile.NativeRuntime.vcxproj", "{B5C87054-853F-4AD2-9A57-9A69A11C9B51}"
EndProject
Project("{FAE04EC0-301F-11D3-BF4B-00C04F79EFBC}") = "Smile.VisualStudio", "src\Smile.VisualStudio\Smile.VisualStudio.csproj", "{294757EE-25DD-4181-BECA-C6E1F90684DD}"
EndProject
Project("{FAE04EC0-301F-11D3-BF4B-00C04F79EFBC}") = "Smile.Tests", "src\Smile.Tests\Smile.Tests.csproj", "{31A5C147-2EE9-B5EF-DED3-5273D229ADEF}"
EndProject
Project("{2150E333-8FDC-42A3-9474-1A3956D46DE8}") = "test", "test", "{5AA683E6-7816-4657-B06F-9F74A9CC2442}"
EndProject
Project("{2150E333-8FDC-42A3-9474-1A3956D46DE8}") = "libraries", "libraries", "{74066D38-9478-4BA7-B835-1ED66B291B2C}"
EndProject
Project("{4FBC4E72-6B0F-40D8-B758-BF8932926D5D}") = "Smile.Game", "libraries\Smile.Game\Smile.Game.smilelibproj", "{028C124F-0C98-40DD-BA5F-4FF59580E5EF}"
EndProject
Project("{4FBC4E72-6B0F-40D8-B758-BF8932926D5D}") = "Smile.RPG", "libraries\Smile.RPG\Smile.RPG.smilelibproj", "{86CE4D22-4D26-1894-CF79-16CB2D250796}"
EndProject
Project("{4FBC4E72-6B0F-40D8-B758-BF8932926D5D}") = "Smile.Simple3D", "libraries\Smile.Simple3D\Smile.Simple3D.smilelibproj", "{A0C0A0B5-60CA-35EB-2D17-4B234176D63E}"
EndProject
Project("{2150E333-8FDC-42A3-9474-1A3956D46DE8}") = "examples", "examples", "{891FB07A-D3B4-411A-95A4-BBE6EE635621}"
EndProject
Project("{4FBC4E72-6B0F-40D8-B758-BF8932926D5D}") = "Simple3DGallery", "examples\Simple3DGallery\Simple3DGallery.smileproj", "{CD2C1BE9-94DF-0CBE-576C-4A23CACB8A8B}"
EndProject
Project("{2150E333-8FDC-42A3-9474-1A3956D46DE8}") = "games", "games", "{5B9E1ED5-AE9A-409D-BD86-7102751D8FC8}"
EndProject
Project("{4FBC4E72-6B0F-40D8-B758-BF8932926D5D}") = "SpaceWars", "games\SpaceWars\SpaceWars.smileproj", "{E6982AB5-EB50-69A7-09EA-064BCFAA18C0}"
EndProject
Project("{4FBC4E72-6B0F-40D8-B758-BF8932926D5D}") = "Phase7WorldStateTests", "examples\Phase7WorldStateTests\Phase7WorldStateTests.smileproj", "{5996C933-BE43-5E19-3CDB-4B32D697BEB9}"
EndProject
Project("{4FBC4E72-6B0F-40D8-B758-BF8932926D5D}") = "RPGSystems", "games\RPGSystems\RPGSystems.smileproj", "{2C35845D-5BE6-C84A-2DC5-8D4FEEFEFE47}"
EndProject
Project("{4FBC4E72-6B0F-40D8-B758-BF8932926D5D}") = "Phase8DungeonStateTests", "examples\Phase8DungeonStateTests\Phase8DungeonStateTests.smileproj", "{3E79D708-2407-0B1B-DF35-0EB2FD2506B3}"
EndProject
Global
	GlobalSection(SolutionConfigurationPlatforms) = preSolution
		Debug|Any CPU = Debug|Any CPU
		Debug|x64 = Debug|x64
		Debug|x86 = Debug|x86
		Release|Any CPU = Release|Any CPU
		Release|x64 = Release|x64
		Release|x86 = Release|x86
	EndGlobalSection
	GlobalSection(ProjectConfigurationPlatforms) = postSolution
		{10F1989C-0219-4C29-B79C-7B8BD0E20749}.Debug|Any CPU.ActiveCfg = Debug|Any CPU
		{10F1989C-0219-4C29-B79C-7B8BD0E20749}.Debug|Any CPU.Build.0 = Debug|Any CPU
		{10F1989C-0219-4C29-B79C-7B8BD0E20749}.Debug|x64.ActiveCfg = Debug|Any CPU
		{10F1989C-0219-4C29-B79C-7B8BD0E20749}.Debug|x64.Build.0 = Debug|Any CPU
		{10F1989C-0219-4C29-B79C-7B8BD0E20749}.Debug|x86.ActiveCfg = Debug|Any CPU
		{10F1989C-0219-4C29-B79C-7B8BD0E20749}.Debug|x86.Build.0 = Debug|Any CPU
		{10F1989C-0219-4C29-B79C-7B8BD0E20749}.Release|Any CPU.ActiveCfg = Release|Any CPU
		{10F1989C-0219-4C29-B79C-7B8BD0E20749}.Release|Any CPU.Build.0 = Release|Any CPU
		{10F1989C-0219-4C29-B79C-7B8BD0E20749}.Release|x64.ActiveCfg = Release|Any CPU
		{10F1989C-0219-4C29-B79C-7B8BD0E20749}.Release|x64.Build.0 = Release|Any CPU
		{10F1989C-0219-4C29-B79C-7B8BD0E20749}.Release|x86.ActiveCfg = Release|Any CPU
		{10F1989C-0219-4C29-B79C-7B8BD0E20749}.Release|x86.Build.0 = Release|Any CPU
		{1EB046D2-A02C-4D0B-A7A1-15359C4DC625}.Debug|Any CPU.ActiveCfg = Debug|Any CPU
		{1EB046D2-A02C-4D0B-A7A1-15359C4DC625}.Debug|Any CPU.Build.0 = Debug|Any CPU
		{1EB046D2-A02C-4D0B-A7A1-15359C4DC625}.Debug|x64.ActiveCfg = Debug|Any CPU
		{1EB046D2-A02C-4D0B-A7A1-15359C4DC625}.Debug|x64.Build.0 = Debug|Any CPU
		{1EB046D2-A02C-4D0B-A7A1-15359C4DC625}.Debug|x86.ActiveCfg = Debug|Any CPU
		{1EB046D2-A02C-4D0B-A7A1-15359C4DC625}.Debug|x86.Build.0 = Debug|Any CPU
		{1EB046D2-A02C-4D0B-A7A1-15359C4DC625}.Release|Any CPU.ActiveCfg = Release|Any CPU
		{1EB046D2-A02C-4D0B-A7A1-15359C4DC625}.Release|Any CPU.Build.0 = Release|Any CPU
		{1EB046D2-A02C-4D0B-A7A1-15359C4DC625}.Release|x64.ActiveCfg = Release|Any CPU
		{1EB046D2-A02C-4D0B-A7A1-15359C4DC625}.Release|x64.Build.0 = Release|Any CPU
		{1EB046D2-A02C-4D0B-A7A1-15359C4DC625}.Release|x86.ActiveCfg = Release|Any CPU
		{1EB046D2-A02C-4D0B-A7A1-15359C4DC625}.Release|x86.Build.0 = Release|Any CPU
		{B5C87054-853F-4AD2-9A57-9A69A11C9B51}.Debug|Any CPU.ActiveCfg = Debug|x64
		{B5C87054-853F-4AD2-9A57-9A69A11C9B51}.Debug|Any CPU.Build.0 = Debug|x64
		{B5C87054-853F-4AD2-9A57-9A69A11C9B51}.Debug|x64.ActiveCfg = Debug|x64
		{B5C87054-853F-4AD2-9A57-9A69A11C9B51}.Debug|x64.Build.0 = Debug|x64
		{B5C87054-853F-4AD2-9A57-9A69A11C9B51}.Debug|x86.ActiveCfg = Debug|x64
		{B5C87054-853F-4AD2-9A57-9A69A11C9B51}.Release|Any CPU.ActiveCfg = Release|x64
		{B5C87054-853F-4AD2-9A57-9A69A11C9B51}.Release|Any CPU.Build.0 = Release|x64
		{B5C87054-853F-4AD2-9A57-9A69A11C9B51}.Release|x64.ActiveCfg = Release|x64
		{B5C87054-853F-4AD2-9A57-9A69A11C9B51}.Release|x64.Build.0 = Release|x64
		{B5C87054-853F-4AD2-9A57-9A69A11C9B51}.Release|x86.ActiveCfg = Release|x64
		{294757EE-25DD-4181-BECA-C6E1F90684DD}.Debug|Any CPU.ActiveCfg = Debug|Any CPU
		{294757EE-25DD-4181-BECA-C6E1F90684DD}.Debug|Any CPU.Build.0 = Debug|Any CPU
		{294757EE-25DD-4181-BECA-C6E1F90684DD}.Debug|x64.ActiveCfg = Debug|Any CPU
		{294757EE-25DD-4181-BECA-C6E1F90684DD}.Debug|x64.Build.0 = Debug|Any CPU
		{294757EE-25DD-4181-BECA-C6E1F90684DD}.Debug|x86.ActiveCfg = Debug|Any CPU
		{294757EE-25DD-4181-BECA-C6E1F90684DD}.Debug|x86.Build.0 = Debug|Any CPU
		{294757EE-25DD-4181-BECA-C6E1F90684DD}.Release|Any CPU.ActiveCfg = Release|Any CPU
		{294757EE-25DD-4181-BECA-C6E1F90684DD}.Release|Any CPU.Build.0 = Release|Any CPU
		{294757EE-25DD-4181-BECA-C6E1F90684DD}.Release|x64.ActiveCfg = Release|Any CPU
		{294757EE-25DD-4181-BECA-C6E1F90684DD}.Release|x64.Build.0 = Release|Any CPU
		{294757EE-25DD-4181-BECA-C6E1F90684DD}.Release|x86.ActiveCfg = Release|Any CPU
		{294757EE-25DD-4181-BECA-C6E1F90684DD}.Release|x86.Build.0 = Release|Any CPU
		{31A5C147-2EE9-B5EF-DED3-5273D229ADEF}.Debug|Any CPU.ActiveCfg = Debug|Any CPU
		{31A5C147-2EE9-B5EF-DED3-5273D229ADEF}.Debug|Any CPU.Build.0 = Debug|Any CPU
		{31A5C147-2EE9-B5EF-DED3-5273D229ADEF}.Debug|x64.ActiveCfg = Debug|Any CPU
		{31A5C147-2EE9-B5EF-DED3-5273D229ADEF}.Debug|x64.Build.0 = Debug|Any CPU
		{31A5C147-2EE9-B5EF-DED3-5273D229ADEF}.Debug|x86.ActiveCfg = Debug|Any CPU
		{31A5C147-2EE9-B5EF-DED3-5273D229ADEF}.Debug|x86.Build.0 = Debug|Any CPU
		{31A5C147-2EE9-B5EF-DED3-5273D229ADEF}.Release|Any CPU.ActiveCfg = Release|Any CPU
		{31A5C147-2EE9-B5EF-DED3-5273D229ADEF}.Release|Any CPU.Build.0 = Release|Any CPU
		{31A5C147-2EE9-B5EF-DED3-5273D229ADEF}.Release|x64.ActiveCfg = Release|Any CPU
		{31A5C147-2EE9-B5EF-DED3-5273D229ADEF}.Release|x64.Build.0 = Release|Any CPU
		{31A5C147-2EE9-B5EF-DED3-5273D229ADEF}.Release|x86.ActiveCfg = Release|Any CPU
		{31A5C147-2EE9-B5EF-DED3-5273D229ADEF}.Release|x86.Build.0 = Release|Any CPU
		{028C124F-0C98-40DD-BA5F-4FF59580E5EF}.Debug|Any CPU.ActiveCfg = Debug|Windows 64-bit .exe
		{028C124F-0C98-40DD-BA5F-4FF59580E5EF}.Debug|x64.ActiveCfg = Debug|Windows 64-bit .exe
		{028C124F-0C98-40DD-BA5F-4FF59580E5EF}.Debug|x86.ActiveCfg = Debug|Windows 64-bit .exe
		{028C124F-0C98-40DD-BA5F-4FF59580E5EF}.Release|Any CPU.ActiveCfg = Release|Windows 64-bit .exe
		{028C124F-0C98-40DD-BA5F-4FF59580E5EF}.Release|x64.ActiveCfg = Release|Windows 64-bit .exe
		{028C124F-0C98-40DD-BA5F-4FF59580E5EF}.Release|x86.ActiveCfg = Release|Windows 64-bit .exe
		{86CE4D22-4D26-1894-CF79-16CB2D250796}.Debug|Any CPU.ActiveCfg = Debug|Windows 64-bit .exe
		{86CE4D22-4D26-1894-CF79-16CB2D250796}.Debug|x64.ActiveCfg = Debug|Windows 64-bit .exe
		{86CE4D22-4D26-1894-CF79-16CB2D250796}.Debug|x86.ActiveCfg = Debug|Windows 64-bit .exe
		{86CE4D22-4D26-1894-CF79-16CB2D250796}.Release|Any CPU.ActiveCfg = Release|Windows 64-bit .exe
		{86CE4D22-4D26-1894-CF79-16CB2D250796}.Release|x64.ActiveCfg = Release|Windows 64-bit .exe
		{86CE4D22-4D26-1894-CF79-16CB2D250796}.Release|x86.ActiveCfg = Release|Windows 64-bit .exe
		{A0C0A0B5-60CA-35EB-2D17-4B234176D63E}.Debug|Any CPU.ActiveCfg = Debug|Windows 64-bit .exe
		{A0C0A0B5-60CA-35EB-2D17-4B234176D63E}.Debug|x64.ActiveCfg = Debug|Windows 64-bit .exe
		{A0C0A0B5-60CA-35EB-2D17-4B234176D63E}.Debug|x86.ActiveCfg = Debug|Windows 64-bit .exe
		{A0C0A0B5-60CA-35EB-2D17-4B234176D63E}.Release|Any CPU.ActiveCfg = Release|Windows 64-bit .exe
		{A0C0A0B5-60CA-35EB-2D17-4B234176D63E}.Release|x64.ActiveCfg = Release|Windows 64-bit .exe
		{A0C0A0B5-60CA-35EB-2D17-4B234176D63E}.Release|x86.ActiveCfg = Release|Windows 64-bit .exe
		{CD2C1BE9-94DF-0CBE-576C-4A23CACB8A8B}.Debug|Any CPU.ActiveCfg = Debug|Windows 64-bit .exe
		{CD2C1BE9-94DF-0CBE-576C-4A23CACB8A8B}.Debug|x64.ActiveCfg = Debug|Windows 64-bit .exe
		{CD2C1BE9-94DF-0CBE-576C-4A23CACB8A8B}.Debug|x86.ActiveCfg = Debug|Windows 64-bit .exe
		{CD2C1BE9-94DF-0CBE-576C-4A23CACB8A8B}.Release|Any CPU.ActiveCfg = Release|Windows 64-bit .exe
		{CD2C1BE9-94DF-0CBE-576C-4A23CACB8A8B}.Release|x64.ActiveCfg = Release|Windows 64-bit .exe
		{CD2C1BE9-94DF-0CBE-576C-4A23CACB8A8B}.Release|x86.ActiveCfg = Release|Windows 64-bit .exe
		{E6982AB5-EB50-69A7-09EA-064BCFAA18C0}.Debug|Any CPU.ActiveCfg = Debug|Windows 64-bit .exe
		{E6982AB5-EB50-69A7-09EA-064BCFAA18C0}.Debug|x64.ActiveCfg = Debug|Windows 64-bit .exe
		{E6982AB5-EB50-69A7-09EA-064BCFAA18C0}.Debug|x86.ActiveCfg = Debug|Windows 64-bit .exe
		{E6982AB5-EB50-69A7-09EA-064BCFAA18C0}.Release|Any CPU.ActiveCfg = Release|Windows 64-bit .exe
		{E6982AB5-EB50-69A7-09EA-064BCFAA18C0}.Release|x64.ActiveCfg = Release|Windows 64-bit .exe
		{E6982AB5-EB50-69A7-09EA-064BCFAA18C0}.Release|x86.ActiveCfg = Release|Windows 64-bit .exe
		{5996C933-BE43-5E19-3CDB-4B32D697BEB9}.Debug|Any CPU.ActiveCfg = Debug|Windows 64-bit .exe
		{5996C933-BE43-5E19-3CDB-4B32D697BEB9}.Debug|x64.ActiveCfg = Debug|Windows 64-bit .exe
		{5996C933-BE43-5E19-3CDB-4B32D697BEB9}.Debug|x86.ActiveCfg = Debug|Windows 64-bit .exe
		{5996C933-BE43-5E19-3CDB-4B32D697BEB9}.Release|Any CPU.ActiveCfg = Release|Windows 64-bit .exe
		{5996C933-BE43-5E19-3CDB-4B32D697BEB9}.Release|x64.ActiveCfg = Release|Windows 64-bit .exe
		{5996C933-BE43-5E19-3CDB-4B32D697BEB9}.Release|x86.ActiveCfg = Release|Windows 64-bit .exe
		{2C35845D-5BE6-C84A-2DC5-8D4FEEFEFE47}.Debug|Any CPU.ActiveCfg = Debug|Windows 64-bit .exe
		{2C35845D-5BE6-C84A-2DC5-8D4FEEFEFE47}.Debug|x64.ActiveCfg = Debug|Windows 64-bit .exe
		{2C35845D-5BE6-C84A-2DC5-8D4FEEFEFE47}.Debug|x86.ActiveCfg = Debug|Windows 64-bit .exe
		{2C35845D-5BE6-C84A-2DC5-8D4FEEFEFE47}.Release|Any CPU.ActiveCfg = Release|Windows 64-bit .exe
		{2C35845D-5BE6-C84A-2DC5-8D4FEEFEFE47}.Release|x64.ActiveCfg = Release|Windows 64-bit .exe
		{2C35845D-5BE6-C84A-2DC5-8D4FEEFEFE47}.Release|x86.ActiveCfg = Release|Windows 64-bit .exe
		{3E79D708-2407-0B1B-DF35-0EB2FD2506B3}.Debug|Any CPU.ActiveCfg = Debug|Windows 64-bit .exe
		{3E79D708-2407-0B1B-DF35-0EB2FD2506B3}.Debug|x64.ActiveCfg = Debug|Windows 64-bit .exe
		{3E79D708-2407-0B1B-DF35-0EB2FD2506B3}.Debug|x86.ActiveCfg = Debug|Windows 64-bit .exe
		{3E79D708-2407-0B1B-DF35-0EB2FD2506B3}.Release|Any CPU.ActiveCfg = Release|Windows 64-bit .exe
		{3E79D708-2407-0B1B-DF35-0EB2FD2506B3}.Release|x64.ActiveCfg = Release|Windows 64-bit .exe
		{3E79D708-2407-0B1B-DF35-0EB2FD2506B3}.Release|x86.ActiveCfg = Release|Windows 64-bit .exe
	EndGlobalSection
	GlobalSection(SolutionProperties) = preSolution
		HideSolutionNode = FALSE
	EndGlobalSection
	GlobalSection(NestedProjects) = preSolution
		{10F1989C-0219-4C29-B79C-7B8BD0E20749} = {827E0CD3-B72D-47B6-A68D-7590B98EB39B}
		{1EB046D2-A02C-4D0B-A7A1-15359C4DC625} = {827E0CD3-B72D-47B6-A68D-7590B98EB39B}
		{B5C87054-853F-4AD2-9A57-9A69A11C9B51} = {827E0CD3-B72D-47B6-A68D-7590B98EB39B}
		{294757EE-25DD-4181-BECA-C6E1F90684DD} = {827E0CD3-B72D-47B6-A68D-7590B98EB39B}
		{31A5C147-2EE9-B5EF-DED3-5273D229ADEF} = {5AA683E6-7816-4657-B06F-9F74A9CC2442}
		{028C124F-0C98-40DD-BA5F-4FF59580E5EF} = {74066D38-9478-4BA7-B835-1ED66B291B2C}
		{86CE4D22-4D26-1894-CF79-16CB2D250796} = {74066D38-9478-4BA7-B835-1ED66B291B2C}
		{A0C0A0B5-60CA-35EB-2D17-4B234176D63E} = {74066D38-9478-4BA7-B835-1ED66B291B2C}
		{CD2C1BE9-94DF-0CBE-576C-4A23CACB8A8B} = {891FB07A-D3B4-411A-95A4-BBE6EE635621}
		{E6982AB5-EB50-69A7-09EA-064BCFAA18C0} = {5B9E1ED5-AE9A-409D-BD86-7102751D8FC8}
		{5996C933-BE43-5E19-3CDB-4B32D697BEB9} = {891FB07A-D3B4-411A-95A4-BBE6EE635621}
		{2C35845D-5BE6-C84A-2DC5-8D4FEEFEFE47} = {891FB07A-D3B4-411A-95A4-BBE6EE635621}
		{3E79D708-2407-0B1B-DF35-0EB2FD2506B3} = {891FB07A-D3B4-411A-95A4-BBE6EE635621}
	EndGlobalSection
	GlobalSection(ExtensibilityGlobals) = postSolution
		SolutionGuid = {D3BB9212-D171-48C4-9FFD-A68D3C34BA85}
	EndGlobalSection
EndGlobal
