
Microsoft Visual Studio Solution File, Format Version 12.00
# Visual Studio Version 17
VisualStudioVersion = 17.0.31903.59
MinimumVisualStudioVersion = 10.0.40219.1
Project("{2150E333-8FDC-42A3-9474-1A3956D46DE8}") = "src", "src", "{827E0CD3-B72D-47B6-A68D-7590B98EB39B}"
EndProject
Project("{FAE04EC0-301F-11D3-BF4B-00C04F79EFBC}") = "Smile.Language", "src\Smile.Language\Smile.Language.csproj", "{10F1989C-0219-4C29-B79C-7B8BD0E20749}"
EndProject
Project("{FAE04EC0-301F-11D3-BF4B-00C04F79EFBC}") = "Smile.Compiler", "src\Smile.Compiler\Smile.Compiler.csproj", "{1EB046D2-A02C-4D0B-A7A1-15359C4DC625}"
EndProject
Project("{8BC9CEB8-8B4A-11D0-8D11-00A0C91BC942}") = "Smile.NativeRuntime", "src\Smile.NativeRuntime\Smile.NativeRuntime.vcxproj", "{B5C87054-853F-4AD2-9A57-9A69A11C9B51}"
EndProject
Project("{FAE04EC0-301F-11D3-BF4B-00C04F79EFBC}") = "Smile.VisualStudio", "src\Smile.VisualStudio\Smile.VisualStudio.csproj", "{294757EE-25DD-4181-BECA-C6E1F90684DD}"
EndProject
Project("{FAE04EC0-301F-11D3-BF4B-00C04F79EFBC}") = "Smile.ProjectTemplates", "src\Smile.VisualStudio\Templates\Smile.ProjectTemplates.csproj", "{9D73ECDF-04AF-46EA-BAE1-4800461A5CB2}"
EndProject
Project("{FAE04EC0-301F-11D3-BF4B-00C04F79EFBC}") = "Smile.Tests", "src\Smile.Tests\Smile.Tests.csproj", "{45252E9C-4D0C-4E89-92C7-A1E4A1A843B6}"
EndProject
Project("{8BC9CEB8-8B4A-11D0-8D11-00A0C91BC942}") = "Smile.NativeGraphicsTests", "src\Smile.NativeGraphicsTests\Smile.NativeGraphicsTests.vcxproj", "{E4E460E0-08EA-4F22-A386-C476EE817D2C}"
EndProject
Global
	GlobalSection(SolutionConfigurationPlatforms) = preSolution
		Debug|Any CPU = Debug|Any CPU
		Debug|x64 = Debug|x64
		Debug|x86 = Debug|x86
		Release|Any CPU = Release|Any CPU
		Release|x64 = Release|x64
		Release|x86 = Release|x86
	EndGlobalSection
	GlobalSection(ProjectConfigurationPlatforms) = postSolution
		{10F1989C-0219-4C29-B79C-7B8BD0E20749}.Debug|Any CPU.ActiveCfg = Debug|Any CPU
		{10F1989C-0219-4C29-B79C-7B8BD0E20749}.Debug|Any CPU.Build.0 = Debug|Any CPU
		{10F1989C-0219-4C29-B79C-7B8BD0E20749}.Debug|x64.ActiveCfg = Debug|Any CPU
		{10F1989C-0219-4C29-B79C-7B8BD0E20749}.Debug|x64.Build.0 = Debug|Any CPU
		{10F1989C-0219-4C29-B79C-7B8BD0E20749}.Debug|x86.ActiveCfg = Debug|Any CPU
		{10F1989C-0219-4C29-B79C-7B8BD0E20749}.Debug|x86.Build.0 = Debug|Any CPU
		{10F1989C-0219-4C29-B79C-7B8BD0E20749}.Release|Any CPU.ActiveCfg = Release|Any CPU
		{10F1989C-0219-4C29-B79C-7B8BD0E20749}.Release|Any CPU.Build.0 = Release|Any CPU
		{10F1989C-0219-4C29-B79C-7B8BD0E20749}.Release|x64.ActiveCfg = Release|Any CPU
		{10F1989C-0219-4C29-B79C-7B8BD0E20749}.Release|x64.Build.0 = Release|Any CPU
		{10F1989C-0219-4C29-B79C-7B8BD0E20749}.Release|x86.ActiveCfg = Release|Any CPU
		{10F1989C-0219-4C29-B79C-7B8BD0E20749}.Release|x86.Build.0 = Release|Any CPU
		{1EB046D2-A02C-4D0B-A7A1-15359C4DC625}.Debug|Any CPU.ActiveCfg = Debug|Any CPU
		{1EB046D2-A02C-4D0B-A7A1-15359C4DC625}.Debug|Any CPU.Build.0 = Debug|Any CPU
		{1EB046D2-A02C-4D0B-A7A1-15359C4DC625}.Debug|x64.ActiveCfg = Debug|Any CPU
		{1EB046D2-A02C-4D0B-A7A1-15359C4DC625}.Debug|x64.Build.0 = Debug|Any CPU
		{1EB046D2-A02C-4D0B-A7A1-15359C4DC625}.Debug|x86.ActiveCfg = Debug|Any CPU
		{1EB046D2-A02C-4D0B-A7A1-15359C4DC625}.Debug|x86.Build.0 = Debug|Any CPU
		{1EB046D2-A02C-4D0B-A7A1-15359C4DC625}.Release|Any CPU.ActiveCfg = Release|Any CPU
		{1EB046D2-A02C-4D0B-A7A1-15359C4DC625}.Release|Any CPU.Build.0 = Release|Any CPU
		{1EB046D2-A02C-4D0B-A7A1-15359C4DC625}.Release|x64.ActiveCfg = Release|Any CPU
		{1EB046D2-A02C-4D0B-A7A1-15359C4DC625}.Release|x64.Build.0 = Release|Any CPU
		{1EB046D2-A02C-4D0B-A7A1-15359C4DC625}.Release|x86.ActiveCfg = Release|Any CPU
		{1EB046D2-A02C-4D0B-A7A1-15359C4DC625}.Release|x86.Build.0 = Release|Any CPU
		{B5C87054-853F-4AD2-9A57-9A69A11C9B51}.Debug|Any CPU.ActiveCfg = Debug|x64
		{B5C87054-853F-4AD2-9A57-9A69A11C9B51}.Debug|Any CPU.Build.0 = Debug|x64
		{B5C87054-853F-4AD2-9A57-9A69A11C9B51}.Debug|x64.ActiveCfg = Debug|x64
		{B5C87054-853F-4AD2-9A57-9A69A11C9B51}.Debug|x64.Build.0 = Debug|x64
		{B5C87054-853F-4AD2-9A57-9A69A11C9B51}.Debug|x86.ActiveCfg = Debug|x64
		{B5C87054-853F-4AD2-9A57-9A69A11C9B51}.Release|Any CPU.ActiveCfg = Release|x64
		{B5C87054-853F-4AD2-9A57-9A69A11C9B51}.Release|Any CPU.Build.0 = Release|x64
		{B5C87054-853F-4AD2-9A57-9A69A11C9B51}.Release|x64.ActiveCfg = Release|x64
		{B5C87054-853F-4AD2-9A57-9A69A11C9B51}.Release|x64.Build.0 = Release|x64
		{B5C87054-853F-4AD2-9A57-9A69A11C9B51}.Release|x86.ActiveCfg = Release|x64
		{294757EE-25DD-4181-BECA-C6E1F90684DD}.Debug|Any CPU.ActiveCfg = Debug|Any CPU
		{294757EE-25DD-4181-BECA-C6E1F90684DD}.Debug|Any CPU.Build.0 = Debug|Any CPU
		{294757EE-25DD-4181-BECA-C6E1F90684DD}.Debug|x64.ActiveCfg = Debug|Any CPU
		{294757EE-25DD-4181-BECA-C6E1F90684DD}.Debug|x64.Build.0 = Debug|Any CPU
		{294757EE-25DD-4181-BECA-C6E1F90684DD}.Debug|x86.ActiveCfg = Debug|Any CPU
		{294757EE-25DD-4181-BECA-C6E1F90684DD}.Debug|x86.Build.0 = Debug|Any CPU
		{294757EE-25DD-4181-BECA-C6E1F90684DD}.Release|Any CPU.ActiveCfg = Release|Any CPU
		{294757EE-25DD-4181-BECA-C6E1F90684DD}.Release|Any CPU.Build.0 = Release|Any CPU
		{294757EE-25DD-4181-BECA-C6E1F90684DD}.Release|x64.ActiveCfg = Release|Any CPU
		{294757EE-25DD-4181-BECA-C6E1F90684DD}.Release|x64.Build.0 = Release|Any CPU
		{294757EE-25DD-4181-BECA-C6E1F90684DD}.Release|x86.ActiveCfg = Release|Any CPU
		{294757EE-25DD-4181-BECA-C6E1F90684DD}.Release|x86.Build.0 = Release|Any CPU
		{9D73ECDF-04AF-46EA-BAE1-4800461A5CB2}.Debug|Any CPU.ActiveCfg = Debug|Any CPU
		{9D73ECDF-04AF-46EA-BAE1-4800461A5CB2}.Debug|Any CPU.Build.0 = Debug|Any CPU
		{9D73ECDF-04AF-46EA-BAE1-4800461A5CB2}.Debug|x64.ActiveCfg = Debug|Any CPU
		{9D73ECDF-04AF-46EA-BAE1-4800461A5CB2}.Debug|x64.Build.0 = Debug|Any CPU
		{9D73ECDF-04AF-46EA-BAE1-4800461A5CB2}.Debug|x86.ActiveCfg = Debug|Any CPU
		{9D73ECDF-04AF-46EA-BAE1-4800461A5CB2}.Debug|x86.Build.0 = Debug|Any CPU
		{9D73ECDF-04AF-46EA-BAE1-4800461A5CB2}.Release|Any CPU.ActiveCfg = Release|Any CPU
		{9D73ECDF-04AF-46EA-BAE1-4800461A5CB2}.Release|Any CPU.Build.0 = Release|Any CPU
		{9D73ECDF-04AF-46EA-BAE1-4800461A5CB2}.Release|x64.ActiveCfg = Release|Any CPU
		{9D73ECDF-04AF-46EA-BAE1-4800461A5CB2}.Release|x64.Build.0 = Release|Any CPU
		{9D73ECDF-04AF-46EA-BAE1-4800461A5CB2}.Release|x86.ActiveCfg = Release|Any CPU
		{9D73ECDF-04AF-46EA-BAE1-4800461A5CB2}.Release|x86.Build.0 = Release|Any CPU
		{45252E9C-4D0C-4E89-92C7-A1E4A1A843B6}.Debug|Any CPU.ActiveCfg = Debug|Any CPU
		{45252E9C-4D0C-4E89-92C7-A1E4A1A843B6}.Debug|Any CPU.Build.0 = Debug|Any CPU
		{45252E9C-4D0C-4E89-92C7-A1E4A1A843B6}.Debug|x64.ActiveCfg = Debug|Any CPU
		{45252E9C-4D0C-4E89-92C7-A1E4A1A843B6}.Debug|x64.Build.0 = Debug|Any CPU
		{45252E9C-4D0C-4E89-92C7-A1E4A1A843B6}.Debug|x86.ActiveCfg = Debug|Any CPU
		{45252E9C-4D0C-4E89-92C7-A1E4A1A843B6}.Debug|x86.Build.0 = Debug|Any CPU
		{45252E9C-4D0C-4E89-92C7-A1E4A1A843B6}.Release|Any CPU.ActiveCfg = Release|Any CPU
		{45252E9C-4D0C-4E89-92C7-A1E4A1A843B6}.Release|Any CPU.Build.0 = Release|Any CPU
		{45252E9C-4D0C-4E89-92C7-A1E4A1A843B6}.Release|x64.ActiveCfg = Release|Any CPU
		{45252E9C-4D0C-4E89-92C7-A1E4A1A843B6}.Release|x64.Build.0 = Release|Any CPU
		{45252E9C-4D0C-4E89-92C7-A1E4A1A843B6}.Release|x86.ActiveCfg = Release|Any CPU
		{45252E9C-4D0C-4E89-92C7-A1E4A1A843B6}.Release|x86.Build.0 = Release|Any CPU
		{E4E460E0-08EA-4F22-A386-C476EE817D2C}.Debug|Any CPU.ActiveCfg = Debug|x64
		{E4E460E0-08EA-4F22-A386-C476EE817D2C}.Debug|Any CPU.Build.0 = Debug|x64
		{E4E460E0-08EA-4F22-A386-C476EE817D2C}.Debug|x64.ActiveCfg = Debug|x64
		{E4E460E0-08EA-4F22-A386-C476EE817D2C}.Debug|x64.Build.0 = Debug|x64
		{E4E460E0-08EA-4F22-A386-C476EE817D2C}.Debug|x86.ActiveCfg = Debug|x64
		{E4E460E0-08EA-4F22-A386-C476EE817D2C}.Release|Any CPU.ActiveCfg = Release|x64
		{E4E460E0-08EA-4F22-A386-C476EE817D2C}.Release|Any CPU.Build.0 = Release|x64
		{E4E460E0-08EA-4F22-A386-C476EE817D2C}.Release|x64.ActiveCfg = Release|x64
		{E4E460E0-08EA-4F22-A386-C476EE817D2C}.Release|x64.Build.0 = Release|x64
		{E4E460E0-08EA-4F22-A386-C476EE817D2C}.Release|x86.ActiveCfg = Release|x64
	EndGlobalSection
	GlobalSection(SolutionProperties) = preSolution
		HideSolutionNode = FALSE
	EndGlobalSection
	GlobalSection(NestedProjects) = preSolution
		{10F1989C-0219-4C29-B79C-7B8BD0E20749} = {827E0CD3-B72D-47B6-A68D-7590B98EB39B}
		{1EB046D2-A02C-4D0B-A7A1-15359C4DC625} = {827E0CD3-B72D-47B6-A68D-7590B98EB39B}
		{B5C87054-853F-4AD2-9A57-9A69A11C9B51} = {827E0CD3-B72D-47B6-A68D-7590B98EB39B}
		{294757EE-25DD-4181-BECA-C6E1F90684DD} = {827E0CD3-B72D-47B6-A68D-7590B98EB39B}
		{9D73ECDF-04AF-46EA-BAE1-4800461A5CB2} = {827E0CD3-B72D-47B6-A68D-7590B98EB39B}
		{45252E9C-4D0C-4E89-92C7-A1E4A1A843B6} = {827E0CD3-B72D-47B6-A68D-7590B98EB39B}
		{E4E460E0-08EA-4F22-A386-C476EE817D2C} = {827E0CD3-B72D-47B6-A68D-7590B98EB39B}
	EndGlobalSection
EndGlobal
