Microsoft Visual Studio Solution File, Format Version 12.00
# Visual Studio Version 18
VisualStudioVersion = 18.8.12021.73
MinimumVisualStudioVersion = 10.0.40219.1
Project("{4FBC4E72-6B0F-40D8-B758-BF8932926D5D}") = "Dragonfall2", "Dragonfall2.smileproj", "{7C1E233B-C25E-4A6D-9C2C-A3A6314410E7}"
EndProject
Global
	GlobalSection(SolutionConfigurationPlatforms) = preSolution
		Debug|Web = Debug|Web
		Debug|Windows 64-bit .exe = Debug|Windows 64-bit .exe
		Release|Web = Release|Web
		Release|Windows 64-bit .exe = Release|Windows 64-bit .exe
	EndGlobalSection
	GlobalSection(ProjectConfigurationPlatforms) = postSolution
		{7C1E233B-C25E-4A6D-9C2C-A3A6314410E7}.Debug|Web.ActiveCfg = Debug|Web
		{7C1E233B-C25E-4A6D-9C2C-A3A6314410E7}.Debug|Web.Build.0 = Debug|Web
		{7C1E233B-C25E-4A6D-9C2C-A3A6314410E7}.Debug|Windows 64-bit .exe.ActiveCfg = Debug|Windows 64-bit .exe
		{7C1E233B-C25E-4A6D-9C2C-A3A6314410E7}.Debug|Windows 64-bit .exe.Build.0 = Debug|Windows 64-bit .exe
		{7C1E233B-C25E-4A6D-9C2C-A3A6314410E7}.Release|Web.ActiveCfg = Release|Web
		{7C1E233B-C25E-4A6D-9C2C-A3A6314410E7}.Release|Web.Build.0 = Release|Web
		{7C1E233B-C25E-4A6D-9C2C-A3A6314410E7}.Release|Windows 64-bit .exe.ActiveCfg = Release|Windows 64-bit .exe
		{7C1E233B-C25E-4A6D-9C2C-A3A6314410E7}.Release|Windows 64-bit .exe.Build.0 = Release|Windows 64-bit .exe
	EndGlobalSection
	GlobalSection(SolutionProperties) = preSolution
		HideSolutionNode = FALSE
	EndGlobalSection
EndGlobal
