<Solution>
  <Configurations>
    <Platform Name="Windows 64-bit .exe" />
    <Platform Name="Web" />
    <Platform Name="Web - Optimized Low" />
    <Platform Name="Web - Optimized Medium" />
    <Platform Name="Web - Optimized High" />
  </Configurations>
  <Project Path="LiveRefreshBasics.smileproj" Type="4fbc4e72-6b0f-40d8-b758-bf8932926d5d" Id="11c04050-7afc-d888-7af3-2926a9404cb4" />
</Solution>
