<Solution>
  <Configurations>
    <BuildType Name="Debug" />
    <BuildType Name="Release" />
    <Platform Name="Windows 64-bit .exe" />
    <Platform Name="Web" />
  </Configurations>
  <Project Path="RpgDungeonGallery.smileproj" Type="4fbc4e72-6b0f-40d8-b758-bf8932926d5d" Id="b8d8e50e-22f4-4c06-8a10-5e4f45e1c3b2" />
</Solution>
