<Solution>
  <Configurations>
    <Platform Name="Windows 64-bit .exe" />
    <Platform Name="Web" />
    <Platform Name="Web - Optimized Low" />
    <Platform Name="Web - Optimized Medium" />
    <Platform Name="Web - Optimized High" />
  </Configurations>
  <Project Path="Phase3BRecords.smileproj" Type="4fbc4e72-6b0f-40d8-b758-bf8932926d5d" Id="8e94cdd4-9bbf-48ba-a8bf-a3d411ea04f6" />
  <Project Path="..\..\libraries\Smile.Data.Models\Smile.Data.Models.smilelibproj" Type="4fbc4e72-6b0f-40d8-b758-bf8932926d5d" Id="4c8a5441-531e-47fd-ab0a-304004e5fd7e" />
</Solution>
