<Solution>
  <Configurations>
    <BuildType Name="Debug" />
    <BuildType Name="Release" />
    <Platform Name="x64" />
    <Platform Name="Web" />
  </Configurations>
  <Project Path="Snake.smileproj" Type="4fbc4e72-6b0f-40d8-b758-bf8932926d5d" Id="6d80f137-a815-14e2-17a8-8c26869bf252" />
</Solution>
